<?xml version="1.0" encoding="utf-8"?>
<Project xmlns="http://schemas.microsoft.com/developer/msbuild/2003">
  <PropertyGroup>
    <ProjectGuid>{6e9b5969-f6d7-4bd6-8763-f41c440a2ed9}</ProjectGuid>
    <MainSource>LoginSrv.dpr</MainSource>
    <Configuration Condition=" '$(Configuration)' == '' ">Release</Configuration>
    <Platform Condition=" '$(Platform)' == '' ">AnyCPU</Platform>
    <DCC_DCCCompiler>DCC32</DCC_DCCCompiler>
    <DCC_DependencyCheckOutputName>C:\MirServer\LoginSrv\LoginSrv.exe</DCC_DependencyCheckOutputName>
  </PropertyGroup>
  <PropertyGroup Condition=" '$(Configuration)|$(Platform)' == 'Release|AnyCPU' ">
    <Version>7.0</Version>
    <DCC_DebugInformation>False</DCC_DebugInformation>
    <DCC_LocalDebugSymbols>False</DCC_LocalDebugSymbols>
    <DCC_SymbolReferenceInfo>0</DCC_SymbolReferenceInfo>
    <DCC_Define>RELEASE</DCC_Define>
    <DCC_SYMBOL_PLATFORM>False</DCC_SYMBOL_PLATFORM>
    <DCC_UNIT_PLATFORM>False</DCC_UNIT_PLATFORM>
    <DCC_ExeOutput>C:\MirServer\LoginSrv</DCC_ExeOutput>
    <DCC_WriteableConstants>True</DCC_WriteableConstants>
  </PropertyGroup>
  <PropertyGroup Condition=" '$(Configuration)|$(Platform)' == 'Debug|AnyCPU' ">
    <Version>7.0</Version>
    <DCC_Define>DEBUG</DCC_Define>
    <DCC_ExeOutput>D:\MirServer\LoginSrv</DCC_ExeOutput>
    <DCC_SYMBOL_PLATFORM>False</DCC_SYMBOL_PLATFORM>
    <DCC_UNIT_PLATFORM>False</DCC_UNIT_PLATFORM>
    <DCC_WriteableConstants>True</DCC_WriteableConstants>
  </PropertyGroup>
  <ProjectExtensions>
    <Borland.Personality>Delphi.Personality</Borland.Personality>
    <Borland.ProjectType>VCLApplication</Borland.ProjectType>
    <BorlandProject>
<BorlandProject><Delphi.Personality><Parameters><Parameters Name="UseLauncher">False</Parameters><Parameters Name="LoadAllSymbols">True</Parameters><Parameters Name="LoadUnspecifiedSymbols">False</Parameters></Parameters><VersionInfo><VersionInfo Name="IncludeVerInfo">True</VersionInfo><VersionInfo Name="AutoIncBuild">False</VersionInfo><VersionInfo Name="MajorVer">1</VersionInfo><VersionInfo Name="MinorVer">0</VersionInfo><VersionInfo Name="Release">0</VersionInfo><VersionInfo Name="Build">0</VersionInfo><VersionInfo Name="Debug">False</VersionInfo><VersionInfo Name="PreRelease">False</VersionInfo><VersionInfo Name="Special">False</VersionInfo><VersionInfo Name="Private">False</VersionInfo><VersionInfo Name="DLL">False</VersionInfo><VersionInfo Name="Locale">2052</VersionInfo><VersionInfo Name="CodePage">936</VersionInfo></VersionInfo><VersionInfoKeys><VersionInfoKeys Name="CompanyName"></VersionInfoKeys><VersionInfoKeys Name="FileDescription">LoginServer</VersionInfoKeys><VersionInfoKeys Name="FileVersion">1.0.0.0</VersionInfoKeys><VersionInfoKeys Name="InternalName"></VersionInfoKeys><VersionInfoKeys Name="LegalCopyright">http://www.lomcn.co.uk</VersionInfoKeys><VersionInfoKeys Name="LegalTrademarks"></VersionInfoKeys><VersionInfoKeys Name="OriginalFilename">LoginSrv.exe</VersionInfoKeys><VersionInfoKeys Name="ProductName">LoginServer</VersionInfoKeys><VersionInfoKeys Name="ProductVersion">1.0.0.0</VersionInfoKeys><VersionInfoKeys Name="Comments"></VersionInfoKeys></VersionInfoKeys><Source><Source Name="MainSource">LoginSrv.dpr</Source></Source></Delphi.Personality></BorlandProject></BorlandProject>
  </ProjectExtensions>
  <Import Project="$(MSBuildBinPath)\Borland.Delphi.Targets" />
  <ItemGroup>
    <DelphiCompile Include="LoginSrv.dpr">
      <MainSource>MainSource</MainSource>
    </DelphiCompile>
    <DCCReference Include="..\Common\Common.pas" />
    <DCCReference Include="..\Common\EDcode.pas" />
    <DCCReference Include="..\Common\Grobal2.pas" />
    <DCCReference Include="..\Common\HUtil32.pas" />
    <DCCReference Include="..\Common\MD5Unit.pas" />
    <DCCReference Include="..\Common\MudUtil.pas" />
    <DCCReference Include="BasicSet.pas">
      <Form>FrmBasicSet</Form>
    </DCCReference>
    <DCCReference Include="EditUserInfo.pas">
      <Form>FrmUserInfoEdit</Form>
    </DCCReference>
    <DCCReference Include="FrmFindId.pas">
      <Form>FrmFindUserId</Form>
    </DCCReference>
    <DCCReference Include="FrmVarsion.pas">
      <Form>FormVersion</Form>
    </DCCReference>
    <DCCReference Include="GrobalSession.pas">
      <Form>frmGrobalSession</Form>
    </DCCReference>
    <DCCReference Include="IDDB.pas" />
    <DCCReference Include="LMain.pas">
      <Form>FrmMain</Form>
    </DCCReference>
    <DCCReference Include="LSShare.pas" />
    <DCCReference Include="MasSock.pas">
      <Form>FrmMasSoc</Form>
    </DCCReference>
    <DCCReference Include="MonSoc.pas">
      <Form>FrmMonSoc</Form>
    </DCCReference>
    <DCCReference Include="RouteEdit.pas">
      <Form>frmRouteEdit</Form>
    </DCCReference>
    <DCCReference Include="RouteManage.pas">
      <Form>frmRouteManage</Form>
    </DCCReference>
    <DCCReference Include="SDK.pas" />
    <DCCReference Include="SqlSock.pas">
      <Form>FrmSqlSock</Form>
    </DCCReference>
    <DCCReference Include="TestSelGate.pas">
      <Form>frmTestSelGate</Form>
    </DCCReference>
  </ItemGroup>
</Project>